// !$*UTF8*$!
{
	archiveVersion = 1;
	classes = {
	};
	objectVersion = 51;
	objects = {

/* Begin PBXBuildFile section */
		70BDDED02803A7BA009A4818 /* AppDelegate.swift in Sources */ = {isa = PBXBuildFile; fileRef = 70BDDECF2803A7BA009A4818 /* AppDelegate.swift */; };
		70BDDED22803A7BA009A4818 /* SceneDelegate.swift in Sources */ = {isa = PBXBuildFile; fileRef = 70BDDED12803A7BA009A4818 /* SceneDelegate.swift */; };
		70BDDED92803A7BB009A4818 /* Assets.xcassets in Resources */ = {isa = PBXBuildFile; fileRef = 70BDDED82803A7BB009A4818 /* Assets.xcassets */; };
		70BDDEDC2803A7BB009A4818 /* LaunchScreen.storyboard in Resources */ = {isa = PBXBuildFile; fileRef = 70BDDEDA2803A7BB009A4818 /* LaunchScreen.storyboard */; };
		70BDDEE82803A800009A4818 /* ConversationViewController.swift in Sources */ = {isa = PBXBuildFile; fileRef = 70BDDEE72803A800009A4818 /* ConversationViewController.swift */; };
		70BDDEEA2803A807009A4818 /* LoginViewController.swift in Sources */ = {isa = PBXBuildFile; fileRef = 70BDDEE92803A807009A4818 /* LoginViewController.swift */; };
		70BDDEEC2803A837009A4818 /* RegisterViewController.swift in Sources */ = {isa = PBXBuildFile; fileRef = 70BDDEEB2803A837009A4818 /* RegisterViewController.swift */; };
		70BDDEEE2803A844009A4818 /* PhotoViewerViewController.swift in Sources */ = {isa = PBXBuildFile; fileRef = 70BDDEED2803A844009A4818 /* PhotoViewerViewController.swift */; };
		70BDDEF02803A851009A4818 /* VideoPlayerViewController.swift in Sources */ = {isa = PBXBuildFile; fileRef = 70BDDEEF2803A851009A4818 /* VideoPlayerViewController.swift */; };
		70BDDEF22803A864009A4818 /* NewConversationViewController.swift in Sources */ = {isa = PBXBuildFile; fileRef = 70BDDEF12803A864009A4818 /* NewConversationViewController.swift */; };
		70BDDEF42803A86E009A4818 /* ProfileViewController.swift in Sources */ = {isa = PBXBuildFile; fileRef = 70BDDEF32803A86E009A4818 /* ProfileViewController.swift */; };
		70BDDEF62803A91D009A4818 /* BaseViewController.swift in Sources */ = {isa = PBXBuildFile; fileRef = 70BDDEF52803A91D009A4818 /* BaseViewController.swift */; };
		70BDDEF82803A9B5009A4818 /* ConversationView.swift in Sources */ = {isa = PBXBuildFile; fileRef = 70BDDEF72803A9B5009A4818 /* ConversationView.swift */; };
		70BDDEFA2803A9BE009A4818 /* LoginView.swift in Sources */ = {isa = PBXBuildFile; fileRef = 70BDDEF92803A9BE009A4818 /* LoginView.swift */; };
		70BDDEFC2803A9C4009A4818 /* RegisterView.swift in Sources */ = {isa = PBXBuildFile; fileRef = 70BDDEFB2803A9C4009A4818 /* RegisterView.swift */; };
		70BDDEFE2803A9CB009A4818 /* PhotoViewerView.swift in Sources */ = {isa = PBXBuildFile; fileRef = 70BDDEFD2803A9CB009A4818 /* PhotoViewerView.swift */; };
		70BDDF002803A9D3009A4818 /* VideoPlayerView.swift in Sources */ = {isa = PBXBuildFile; fileRef = 70BDDEFF2803A9D3009A4818 /* VideoPlayerView.swift */; };
		70BDDF022803A9DD009A4818 /* NewConversationView.swift in Sources */ = {isa = PBXBuildFile; fileRef = 70BDDF012803A9DD009A4818 /* NewConversationView.swift */; };
		70BDDF042803A9E2009A4818 /* ProfileView.swift in Sources */ = {isa = PBXBuildFile; fileRef = 70BDDF032803A9E2009A4818 /* ProfileView.swift */; };
		70BDDF062803A9EB009A4818 /* BaseView.swift in Sources */ = {isa = PBXBuildFile; fileRef = 70BDDF052803A9EB009A4818 /* BaseView.swift */; };
		70CA5E0D2803E58D00BDF9AF /* Extensions.swift in Sources */ = {isa = PBXBuildFile; fileRef = 70CA5E0C2803E58D00BDF9AF /* Extensions.swift */; };
		70CA5E162805810A00BDF9AF /* GoogleService-Info.plist in Resources */ = {isa = PBXBuildFile; fileRef = 70CA5E152805810A00BDF9AF /* GoogleService-Info.plist */; };
		70CA5E18280584AB00BDF9AF /* AuthManager.swift in Sources */ = {isa = PBXBuildFile; fileRef = 70CA5E17280584AB00BDF9AF /* AuthManager.swift */; };
		8ED803DADF9268EBE61984D4 /* Pods_RealTalk.framework in Frameworks */ = {isa = PBXBuildFile; fileRef = 4CAFECEE49E8FDF398667A29 /* Pods_RealTalk.framework */; };
/* End PBXBuildFile section */

/* Begin PBXFileReference section */
		09B2532409CC6DF28B84DBA1 /* Pods-RealTalk.release.xcconfig */ = {isa = PBXFileReference; includeInIndex = 1; lastKnownFileType = text.xcconfig; name = "Pods-RealTalk.release.xcconfig"; path = "Target Support Files/Pods-RealTalk/Pods-RealTalk.release.xcconfig"; sourceTree = "<group>"; };
		4CAFECEE49E8FDF398667A29 /* Pods_RealTalk.framework */ = {isa = PBXFileReference; explicitFileType = wrapper.framework; includeInIndex = 0; path = Pods_RealTalk.framework; sourceTree = BUILT_PRODUCTS_DIR; };
		70BDDECC2803A7BA009A4818 /* RealTalk.app */ = {isa = PBXFileReference; explicitFileType = wrapper.application; includeInIndex = 0; path = RealTalk.app; sourceTree = BUILT_PRODUCTS_DIR; };
		70BDDECF2803A7BA009A4818 /* AppDelegate.swift */ = {isa = PBXFileReference; lastKnownFileType = sourcecode.swift; path = AppDelegate.swift; sourceTree = "<group>"; };
		70BDDED12803A7BA009A4818 /* SceneDelegate.swift */ = {isa = PBXFileReference; lastKnownFileType = sourcecode.swift; path = SceneDelegate.swift; sourceTree = "<group>"; };
		70BDDED82803A7BB009A4818 /* Assets.xcassets */ = {isa = PBXFileReference; lastKnownFileType = folder.assetcatalog; path = Assets.xcassets; sourceTree = "<group>"; };
		70BDDEDB2803A7BB009A4818 /* Base */ = {isa = PBXFileReference; lastKnownFileType = file.storyboard; name = Base; path = Base.lproj/LaunchScreen.storyboard; sourceTree = "<group>"; };
		70BDDEDD2803A7BB009A4818 /* Info.plist */ = {isa = PBXFileReference; lastKnownFileType = text.plist.xml; path = Info.plist; sourceTree = "<group>"; };
		70BDDEE72803A800009A4818 /* ConversationViewController.swift */ = {isa = PBXFileReference; lastKnownFileType = sourcecode.swift; path = ConversationViewController.swift; sourceTree = "<group>"; };
		70BDDEE92803A807009A4818 /* LoginViewController.swift */ = {isa = PBXFileReference; lastKnownFileType = sourcecode.swift; path = LoginViewController.swift; sourceTree = "<group>"; };
		70BDDEEB2803A837009A4818 /* RegisterViewController.swift */ = {isa = PBXFileReference; lastKnownFileType = sourcecode.swift; path = RegisterViewController.swift; sourceTree = "<group>"; };
		70BDDEED2803A844009A4818 /* PhotoViewerViewController.swift */ = {isa = PBXFileReference; lastKnownFileType = sourcecode.swift; path = PhotoViewerViewController.swift; sourceTree = "<group>"; };
		70BDDEEF2803A851009A4818 /* VideoPlayerViewController.swift */ = {isa = PBXFileReference; lastKnownFileType = sourcecode.swift; path = VideoPlayerViewController.swift; sourceTree = "<group>"; };
		70BDDEF12803A864009A4818 /* NewConversationViewController.swift */ = {isa = PBXFileReference; lastKnownFileType = sourcecode.swift; path = NewConversationViewController.swift; sourceTree = "<group>"; };
		70BDDEF32803A86E009A4818 /* ProfileViewController.swift */ = {isa = PBXFileReference; lastKnownFileType = sourcecode.swift; path = ProfileViewController.swift; sourceTree = "<group>"; };
		70BDDEF52803A91D009A4818 /* BaseViewController.swift */ = {isa = PBXFileReference; lastKnownFileType = sourcecode.swift; path = BaseViewController.swift; sourceTree = "<group>"; };
		70BDDEF72803A9B5009A4818 /* ConversationView.swift */ = {isa = PBXFileReference; lastKnownFileType = sourcecode.swift; path = ConversationView.swift; sourceTree = "<group>"; };
		70BDDEF92803A9BE009A4818 /* LoginView.swift */ = {isa = PBXFileReference; lastKnownFileType = sourcecode.swift; path = LoginView.swift; sourceTree = "<group>"; };
		70BDDEFB2803A9C4009A4818 /* RegisterView.swift */ = {isa = PBXFileReference; lastKnownFileType = sourcecode.swift; path = RegisterView.swift; sourceTree = "<group>"; };
		70BDDEFD2803A9CB009A4818 /* PhotoViewerView.swift */ = {isa = PBXFileReference; lastKnownFileType = sourcecode.swift; path = PhotoViewerView.swift; sourceTree = "<group>"; };
		70BDDEFF2803A9D3009A4818 /* VideoPlayerView.swift */ = {isa = PBXFileReference; lastKnownFileType = sourcecode.swift; path = VideoPlayerView.swift; sourceTree = "<group>"; };
		70BDDF012803A9DD009A4818 /* NewConversationView.swift */ = {isa = PBXFileReference; lastKnownFileType = sourcecode.swift; path = NewConversationView.swift; sourceTree = "<group>"; };
		70BDDF032803A9E2009A4818 /* ProfileView.swift */ = {isa = PBXFileReference; lastKnownFileType = sourcecode.swift; path = ProfileView.swift; sourceTree = "<group>"; };
		70BDDF052803A9EB009A4818 /* BaseView.swift */ = {isa = PBXFileReference; lastKnownFileType = sourcecode.swift; path = BaseView.swift; sourceTree = "<group>"; };
		70CA5E0C2803E58D00BDF9AF /* Extensions.swift */ = {isa = PBXFileReference; lastKnownFileType = sourcecode.swift; path = Extensions.swift; sourceTree = "<group>"; };
		70CA5E152805810A00BDF9AF /* GoogleService-Info.plist */ = {isa = PBXFileReference; fileEncoding = 4; lastKnownFileType = text.plist.xml; path = "GoogleService-Info.plist"; sourceTree = "<group>"; };
		70CA5E17280584AB00BDF9AF /* AuthManager.swift */ = {isa = PBXFileReference; lastKnownFileType = sourcecode.swift; path = AuthManager.swift; sourceTree = "<group>"; };
		A5920B2811C62C2231E21C87 /* Pods-RealTalk.debug.xcconfig */ = {isa = PBXFileReference; includeInIndex = 1; lastKnownFileType = text.xcconfig; name = "Pods-RealTalk.debug.xcconfig"; path = "Target Support Files/Pods-RealTalk/Pods-RealTalk.debug.xcconfig"; sourceTree = "<group>"; };
/* End PBXFileReference section */

/* Begin PBXFrameworksBuildPhase section */
		70BDDEC92803A7BA009A4818 /* Frameworks */ = {
			isa = PBXFrameworksBuildPhase;
			buildActionMask = 2147483647;
			files = (
				8ED803DADF9268EBE61984D4 /* Pods_RealTalk.framework in Frameworks */,
			);
			runOnlyForDeploymentPostprocessing = 0;
		};
/* End PBXFrameworksBuildPhase section */

/* Begin PBXGroup section */
		5E09CF9E775A8FEFFE41C0D1 /* Pods */ = {
			isa = PBXGroup;
			children = (
				A5920B2811C62C2231E21C87 /* Pods-RealTalk.debug.xcconfig */,
				09B2532409CC6DF28B84DBA1 /* Pods-RealTalk.release.xcconfig */,
			);
			path = Pods;
			sourceTree = "<group>";
		};
		70BDDEC32803A7BA009A4818 = {
			isa = PBXGroup;
			children = (
				70BDDECE2803A7BA009A4818 /* RealTalk */,
				70BDDECD2803A7BA009A4818 /* Products */,
				5E09CF9E775A8FEFFE41C0D1 /* Pods */,
				72375394FBF7A4BF924DA486 /* Frameworks */,
			);
			sourceTree = "<group>";
		};
		70BDDECD2803A7BA009A4818 /* Products */ = {
			isa = PBXGroup;
			children = (
				70BDDECC2803A7BA009A4818 /* RealTalk.app */,
			);
			name = Products;
			sourceTree = "<group>";
		};
		70BDDECE2803A7BA009A4818 /* RealTalk */ = {
			isa = PBXGroup;
			children = (
				70CA5E152805810A00BDF9AF /* GoogleService-Info.plist */,
				70BDDEE62803A7D9009A4818 /* Resources */,
				70BDDEE52803A7D3009A4818 /* Models */,
				70BDDEE42803A7CF009A4818 /* Views */,
				70BDDEE32803A7CB009A4818 /* Controllers */,
				70BDDED82803A7BB009A4818 /* Assets.xcassets */,
				70BDDEDA2803A7BB009A4818 /* LaunchScreen.storyboard */,
				70BDDEDD2803A7BB009A4818 /* Info.plist */,
			);
			path = RealTalk;
			sourceTree = "<group>";
		};
		70BDDEE32803A7CB009A4818 /* Controllers */ = {
			isa = PBXGroup;
			children = (
				70BDDEE72803A800009A4818 /* ConversationViewController.swift */,
				70BDDEE92803A807009A4818 /* LoginViewController.swift */,
				70BDDEEB2803A837009A4818 /* RegisterViewController.swift */,
				70BDDEED2803A844009A4818 /* PhotoViewerViewController.swift */,
				70BDDEEF2803A851009A4818 /* VideoPlayerViewController.swift */,
				70BDDEF12803A864009A4818 /* NewConversationViewController.swift */,
				70BDDEF32803A86E009A4818 /* ProfileViewController.swift */,
				70BDDEF52803A91D009A4818 /* BaseViewController.swift */,
			);
			path = Controllers;
			sourceTree = "<group>";
		};
		70BDDEE42803A7CF009A4818 /* Views */ = {
			isa = PBXGroup;
			children = (
				70BDDEF72803A9B5009A4818 /* ConversationView.swift */,
				70BDDEF92803A9BE009A4818 /* LoginView.swift */,
				70BDDEFB2803A9C4009A4818 /* RegisterView.swift */,
				70BDDEFD2803A9CB009A4818 /* PhotoViewerView.swift */,
				70BDDEFF2803A9D3009A4818 /* VideoPlayerView.swift */,
				70BDDF012803A9DD009A4818 /* NewConversationView.swift */,
				70BDDF032803A9E2009A4818 /* ProfileView.swift */,
				70BDDF052803A9EB009A4818 /* BaseView.swift */,
			);
			path = Views;
			sourceTree = "<group>";
		};
		70BDDEE52803A7D3009A4818 /* Models */ = {
			isa = PBXGroup;
			children = (
			);
			path = Models;
			sourceTree = "<group>";
		};
		70BDDEE62803A7D9009A4818 /* Resources */ = {
			isa = PBXGroup;
			children = (
				70BDDECF2803A7BA009A4818 /* AppDelegate.swift */,
				70BDDED12803A7BA009A4818 /* SceneDelegate.swift */,
				70CA5E0C2803E58D00BDF9AF /* Extensions.swift */,
				70CA5E17280584AB00BDF9AF /* AuthManager.swift */,
			);
			path = Resources;
			sourceTree = "<group>";
		};
		72375394FBF7A4BF924DA486 /* Frameworks */ = {
			isa = PBXGroup;
			children = (
				4CAFECEE49E8FDF398667A29 /* Pods_RealTalk.framework */,
			);
			name = Frameworks;
			sourceTree = "<group>";
		};
/* End PBXGroup section */

/* Begin PBXNativeTarget section */
		70BDDECB2803A7BA009A4818 /* RealTalk */ = {
			isa = PBXNativeTarget;
			buildConfigurationList = 70BDDEE02803A7BB009A4818 /* Build configuration list for PBXNativeTarget "RealTalk" */;
			buildPhases = (
				2F03302B95E896962C64AEB7 /* [CP] Check Pods Manifest.lock */,
				70BDDEC82803A7BA009A4818 /* Sources */,
				70BDDEC92803A7BA009A4818 /* Frameworks */,
				70BDDECA2803A7BA009A4818 /* Resources */,
				B8FB78F0CC80D930F200D3C0 /* [CP] Embed Pods Frameworks */,
			);
			buildRules = (
			);
			dependencies = (
			);
			name = RealTalk;
			productName = RealTalk;
			productReference = 70BDDECC2803A7BA009A4818 /* RealTalk.app */;
			productType = "com.apple.product-type.application";
		};
/* End PBXNativeTarget section */

/* Begin PBXProject section */
		70BDDEC42803A7BA009A4818 /* Project object */ = {
			isa = PBXProject;
			attributes = {
				LastSwiftUpdateCheck = 1250;
				LastUpgradeCheck = 1250;
				TargetAttributes = {
					70BDDECB2803A7BA009A4818 = {
						CreatedOnToolsVersion = 12.5;
					};
				};
			};
			buildConfigurationList = 70BDDEC72803A7BA009A4818 /* Build configuration list for PBXProject "RealTalk" */;
			compatibilityVersion = "Xcode 9.3";
			developmentRegion = en;
			hasScannedForEncodings = 0;
			knownRegions = (
				en,
				Base,
			);
			mainGroup = 70BDDEC32803A7BA009A4818;
			productRefGroup = 70BDDECD2803A7BA009A4818 /* Products */;
			projectDirPath = "";
			projectRoot = "";
			targets = (
				70BDDECB2803A7BA009A4818 /* RealTalk */,
			);
		};
/* End PBXProject section */

/* Begin PBXResourcesBuildPhase section */
		70BDDECA2803A7BA009A4818 /* Resources */ = {
			isa = PBXResourcesBuildPhase;
			buildActionMask = 2147483647;
			files = (
				70BDDEDC2803A7BB009A4818 /* LaunchScreen.storyboard in Resources */,
				70BDDED92803A7BB009A4818 /* Assets.xcassets in Resources */,
				70CA5E162805810A00BDF9AF /* GoogleService-Info.plist in Resources */,
			);
			runOnlyForDeploymentPostprocessing = 0;
		};
/* End PBXResourcesBuildPhase section */

/* Begin PBXShellScriptBuildPhase section */
		2F03302B95E896962C64AEB7 /* [CP] Check Pods Manifest.lock */ = {
			isa = PBXShellScriptBuildPhase;
			buildActionMask = 2147483647;
			files = (
			);
			inputFileListPaths = (
			);
			inputPaths = (
				"${PODS_PODFILE_DIR_PATH}/Podfile.lock",
				"${PODS_ROOT}/Manifest.lock",
			);
			name = "[CP] Check Pods Manifest.lock";
			outputFileListPaths = (
			);
			outputPaths = (
				"$(DERIVED_FILE_DIR)/Pods-RealTalk-checkManifestLockResult.txt",
			);
			runOnlyForDeploymentPostprocessing = 0;
			shellPath = /bin/sh;
			shellScript = "diff \"${PODS_PODFILE_DIR_PATH}/Podfile.lock\" \"${PODS_ROOT}/Manifest.lock\" > /dev/null\nif [ $? != 0 ] ; then\n    # print error to STDERR\n    echo \"error: The sandbox is not in sync with the Podfile.lock. Run 'pod install' or update your CocoaPods installation.\" >&2\n    exit 1\nfi\n# This output is used by Xcode 'outputs' to avoid re-running this script phase.\necho \"SUCCESS\" > \"${SCRIPT_OUTPUT_FILE_0}\"\n";
			showEnvVarsInLog = 0;
		};
		B8FB78F0CC80D930F200D3C0 /* [CP] Embed Pods Frameworks */ = {
			isa = PBXShellScriptBuildPhase;
			buildActionMask = 2147483647;
			files = (
			);
			inputFileListPaths = (
				"${PODS_ROOT}/Target Support Files/Pods-RealTalk/Pods-RealTalk-frameworks-${CONFIGURATION}-input-files.xcfilelist",
			);
			name = "[CP] Embed Pods Frameworks";
			outputFileListPaths = (
				"${PODS_ROOT}/Target Support Files/Pods-RealTalk/Pods-RealTalk-frameworks-${CONFIGURATION}-output-files.xcfilelist",
			);
			runOnlyForDeploymentPostprocessing = 0;
			shellPath = /bin/sh;
			shellScript = "\"${PODS_ROOT}/Target Support Files/Pods-RealTalk/Pods-RealTalk-frameworks.sh\"\n";
			showEnvVarsInLog = 0;
		};
/* End PBXShellScriptBuildPhase section */

/* Begin PBXSourcesBuildPhase section */
		70BDDEC82803A7BA009A4818 /* Sources */ = {
			isa = PBXSourcesBuildPhase;
			buildActionMask = 2147483647;
			files = (
				70BDDEEA2803A807009A4818 /* LoginViewController.swift in Sources */,
				70BDDEEC2803A837009A4818 /* RegisterViewController.swift in Sources */,
				70BDDEFC2803A9C4009A4818 /* RegisterView.swift in Sources */,
				70BDDEF22803A864009A4818 /* NewConversationViewController.swift in Sources */,
				70BDDF022803A9DD009A4818 /* NewConversationView.swift in Sources */,
				70BDDED02803A7BA009A4818 /* AppDelegate.swift in Sources */,
				70BDDEF02803A851009A4818 /* VideoPlayerViewController.swift in Sources */,
				70CA5E0D2803E58D00BDF9AF /* Extensions.swift in Sources */,
				70BDDEF62803A91D009A4818 /* BaseViewController.swift in Sources */,
				70CA5E18280584AB00BDF9AF /* AuthManager.swift in Sources */,
				70BDDEFA2803A9BE009A4818 /* LoginView.swift in Sources */,
				70BDDF042803A9E2009A4818 /* ProfileView.swift in Sources */,
				70BDDED22803A7BA009A4818 /* SceneDelegate.swift in Sources */,
				70BDDEFE2803A9CB009A4818 /* PhotoViewerView.swift in Sources */,
				70BDDEF42803A86E009A4818 /* ProfileViewController.swift in Sources */,
				70BDDEE82803A800009A4818 /* ConversationViewController.swift in Sources */,
				70BDDEF82803A9B5009A4818 /* ConversationView.swift in Sources */,
				70BDDF062803A9EB009A4818 /* BaseView.swift in Sources */,
				70BDDEEE2803A844009A4818 /* PhotoViewerViewController.swift in Sources */,
				70BDDF002803A9D3009A4818 /* VideoPlayerView.swift in Sources */,
			);
			runOnlyForDeploymentPostprocessing = 0;
		};
/* End PBXSourcesBuildPhase section */

/* Begin PBXVariantGroup section */
		70BDDEDA2803A7BB009A4818 /* LaunchScreen.storyboard */ = {
			isa = PBXVariantGroup;
			children = (
				70BDDEDB2803A7BB009A4818 /* Base */,
			);
			name = LaunchScreen.storyboard;
			sourceTree = "<group>";
		};
/* End PBXVariantGroup section */

/* Begin XCBuildConfiguration section */
		70BDDEDE2803A7BB009A4818 /* Debug */ = {
			isa = XCBuildConfiguration;
			buildSettings = {
				ALWAYS_SEARCH_USER_PATHS = NO;
				CLANG_ANALYZER_NONNULL = YES;
				CLANG_ANALYZER_NUMBER_OBJECT_CONVERSION = YES_AGGRESSIVE;
				CLANG_CXX_LANGUAGE_STANDARD = "gnu++14";
				CLANG_CXX_LIBRARY = "libc++";
				CLANG_ENABLE_MODULES = YES;
				CLANG_ENABLE_OBJC_ARC = YES;
				CLANG_ENABLE_OBJC_WEAK = YES;
				CLANG_WARN_BLOCK_CAPTURE_AUTORELEASING = YES;
				CLANG_WARN_BOOL_CONVERSION = YES;
				CLANG_WARN_COMMA = YES;
				CLANG_WARN_CONSTANT_CONVERSION = YES;
				CLANG_WARN_DEPRECATED_OBJC_IMPLEMENTATIONS = YES;
				CLANG_WARN_DIRECT_OBJC_ISA_USAGE = YES_ERROR;
				CLANG_WARN_DOCUMENTATION_COMMENTS = YES;
				CLANG_WARN_EMPTY_BODY = YES;
				CLANG_WARN_ENUM_CONVERSION = YES;
				CLANG_WARN_INFINITE_RECURSION = YES;
				CLANG_WARN_INT_CONVERSION = YES;
				CLANG_WARN_NON_LITERAL_NULL_CONVERSION = YES;
				CLANG_WARN_OBJC_IMPLICIT_RETAIN_SELF = YES;
				CLANG_WARN_OBJC_LITERAL_CONVERSION = YES;
				CLANG_WARN_OBJC_ROOT_CLASS = YES_ERROR;
				CLANG_WARN_QUOTED_INCLUDE_IN_FRAMEWORK_HEADER = YES;
				CLANG_WARN_RANGE_LOOP_ANALYSIS = YES;
				CLANG_WARN_STRICT_PROTOTYPES = YES;
				CLANG_WARN_SUSPICIOUS_MOVE = YES;
				CLANG_WARN_UNGUARDED_AVAILABILITY = YES_AGGRESSIVE;
				CLANG_WARN_UNREACHABLE_CODE = YES;
				CLANG_WARN__DUPLICATE_METHOD_MATCH = YES;
				COPY_PHASE_STRIP = NO;
				DEBUG_INFORMATION_FORMAT = dwarf;
				ENABLE_STRICT_OBJC_MSGSEND = YES;
				ENABLE_TESTABILITY = YES;
				GCC_C_LANGUAGE_STANDARD = gnu11;
				GCC_DYNAMIC_NO_PIC = NO;
				GCC_NO_COMMON_BLOCKS = YES;
				GCC_OPTIMIZATION_LEVEL = 0;
				GCC_PREPROCESSOR_DEFINITIONS = (
					"DEBUG=1",
					"$(inherited)",
				);
				GCC_WARN_64_TO_32_BIT_CONVERSION = YES;
				GCC_WARN_ABOUT_RETURN_TYPE = YES_ERROR;
				GCC_WARN_UNDECLARED_SELECTOR = YES;
				GCC_WARN_UNINITIALIZED_AUTOS = YES_AGGRESSIVE;
				GCC_WARN_UNUSED_FUNCTION = YES;
				GCC_WARN_UNUSED_VARIABLE = YES;
				IPHONEOS_DEPLOYMENT_TARGET = 14.5;
				MTL_ENABLE_DEBUG_INFO = INCLUDE_SOURCE;
				MTL_FAST_MATH = YES;
				ONLY_ACTIVE_ARCH = YES;
				SDKROOT = iphoneos;
				SWIFT_ACTIVE_COMPILATION_CONDITIONS = DEBUG;
				SWIFT_OPTIMIZATION_LEVEL = "-Onone";
			};
			name = Debug;
		};
		70BDDEDF2803A7BB009A4818 /* Release */ = {
			isa = XCBuildConfiguration;
			buildSettings = {
				ALWAYS_SEARCH_USER_PATHS = NO;
				CLANG_ANALYZER_NONNULL = YES;
				CLANG_ANALYZER_NUMBER_OBJECT_CONVERSION = YES_AGGRESSIVE;
				CLANG_CXX_LANGUAGE_STANDARD = "gnu++14";
				CLANG_CXX_LIBRARY = "libc++";
				CLANG_ENABLE_MODULES = YES;
				CLANG_ENABLE_OBJC_ARC = YES;
				CLANG_ENABLE_OBJC_WEAK = YES;
				CLANG_WARN_BLOCK_CAPTURE_AUTORELEASING = YES;
				CLANG_WARN_BOOL_CONVERSION = YES;
				CLANG_WARN_COMMA = YES;
				CLANG_WARN_CONSTANT_CONVERSION = YES;
				CLANG_WARN_DEPRECATED_OBJC_IMPLEMENTATIONS = YES;
				CLANG_WARN_DIRECT_OBJC_ISA_USAGE = YES_ERROR;
				CLANG_WARN_DOCUMENTATION_COMMENTS = YES;
				CLANG_WARN_EMPTY_BODY = YES;
				CLANG_WARN_ENUM_CONVERSION = YES;
				CLANG_WARN_INFINITE_RECURSION = YES;
				CLANG_WARN_INT_CONVERSION = YES;
				CLANG_WARN_NON_LITERAL_NULL_CONVERSION = YES;
				CLANG_WARN_OBJC_IMPLICIT_RETAIN_SELF = YES;
				CLANG_WARN_OBJC_LITERAL_CONVERSION = YES;
				CLANG_WARN_OBJC_ROOT_CLASS = YES_ERROR;
				CLANG_WARN_QUOTED_INCLUDE_IN_FRAMEWORK_HEADER = YES;
				CLANG_WARN_RANGE_LOOP_ANALYSIS = YES;
				CLANG_WARN_STRICT_PROTOTYPES = YES;
				CLANG_WARN_SUSPICIOUS_MOVE = YES;
				CLANG_WARN_UNGUARDED_AVAILABILITY = YES_AGGRESSIVE;
				CLANG_WARN_UNREACHABLE_CODE = YES;
				CLANG_WARN__DUPLICATE_METHOD_MATCH = YES;
				COPY_PHASE_STRIP = NO;
				DEBUG_INFORMATION_FORMAT = "dwarf-with-dsym";
				ENABLE_NS_ASSERTIONS = NO;
				ENABLE_STRICT_OBJC_MSGSEND = YES;
				GCC_C_LANGUAGE_STANDARD = gnu11;
				GCC_NO_COMMON_BLOCKS = YES;
				GCC_WARN_64_TO_32_BIT_CONVERSION = YES;
				GCC_WARN_ABOUT_RETURN_TYPE = YES_ERROR;
				GCC_WARN_UNDECLARED_SELECTOR = YES;
				GCC_WARN_UNINITIALIZED_AUTOS = YES_AGGRESSIVE;
				GCC_WARN_UNUSED_FUNCTION = YES;
				GCC_WARN_UNUSED_VARIABLE = YES;
				IPHONEOS_DEPLOYMENT_TARGET = 14.5;
				MTL_ENABLE_DEBUG_INFO = NO;
				MTL_FAST_MATH = YES;
				SDKROOT = iphoneos;
				SWIFT_COMPILATION_MODE = wholemodule;
				SWIFT_OPTIMIZATION_LEVEL = "-O";
				VALIDATE_PRODUCT = YES;
			};
			name = Release;
		};
		70BDDEE12803A7BB009A4818 /* Debug */ = {
			isa = XCBuildConfiguration;
			baseConfigurationReference = A5920B2811C62C2231E21C87 /* Pods-RealTalk.debug.xcconfig */;
			buildSettings = {
				ASSETCATALOG_COMPILER_APPICON_NAME = AppIcon;
				ASSETCATALOG_COMPILER_GLOBAL_ACCENT_COLOR_NAME = AccentColor;
				CODE_SIGN_STYLE = Automatic;
				INFOPLIST_FILE = RealTalk/Info.plist;
				LD_RUNPATH_SEARCH_PATHS = (
					"$(inherited)",
					"@executable_path/Frameworks",
				);
				PRODUCT_BUNDLE_IDENTIFIER = Jun.RealTalk;
				PRODUCT_NAME = "$(TARGET_NAME)";
				SWIFT_VERSION = 5.0;
				TARGETED_DEVICE_FAMILY = "1,2";
			};
			name = Debug;
		};
		70BDDEE22803A7BB009A4818 /* Release */ = {
			isa = XCBuildConfiguration;
			baseConfigurationReference = 09B2532409CC6DF28B84DBA1 /* Pods-RealTalk.release.xcconfig */;
			buildSettings = {
				ASSETCATALOG_COMPILER_APPICON_NAME = AppIcon;
				ASSETCATALOG_COMPILER_GLOBAL_ACCENT_COLOR_NAME = AccentColor;
				CODE_SIGN_STYLE = Automatic;
				INFOPLIST_FILE = RealTalk/Info.plist;
				LD_RUNPATH_SEARCH_PATHS = (
					"$(inherited)",
					"@executable_path/Frameworks",
				);
				PRODUCT_BUNDLE_IDENTIFIER = Jun.RealTalk;
				PRODUCT_NAME = "$(TARGET_NAME)";
				SWIFT_VERSION = 5.0;
				TARGETED_DEVICE_FAMILY = "1,2";
			};
			name = Release;
		};
/* End XCBuildConfiguration section */

/* Begin XCConfigurationList section */
		70BDDEC72803A7BA009A4818 /* Build configuration list for PBXProject "RealTalk" */ = {
			isa = XCConfigurationList;
			buildConfigurations = (
				70BDDEDE2803A7BB009A4818 /* Debug */,
				70BDDEDF2803A7BB009A4818 /* Release */,
			);
			defaultConfigurationIsVisible = 0;
			defaultConfigurationName = Release;
		};
		70BDDEE02803A7BB009A4818 /* Build configuration list for PBXNativeTarget "RealTalk" */ = {
			isa = XCConfigurationList;
			buildConfigurations = (
				70BDDEE12803A7BB009A4818 /* Debug */,
				70BDDEE22803A7BB009A4818 /* Release */,
			);
			defaultConfigurationIsVisible = 0;
			defaultConfigurationName = Release;
		};
/* End XCConfigurationList section */
	};
	rootObject = 70BDDEC42803A7BA009A4818 /* Project object */;
}
